
Microsoft Visual Studio Solution File, Format Version 12.00
# Visual Studio Version 17
VisualStudioVersion = 17.0.31903.59
MinimumVisualStudioVersion = 10.0.40219.1
Project("{2150E333-8FDC-42A3-9474-1A3956D46DE8}") = "FrontEnd", "FrontEnd", "{D6CAEDCE-A297-431E-B080-B9DBB1129F24}"
EndProject
Project("{FAE04EC0-301F-11D3-BF4B-00C04F79EFBC}") = "GifoX.web", "FrontEnd\GifoX.web\GifoX.web.csproj", "{EB6B3197-5CB0-4B05-86FC-82BFFCB7626E}"
EndProject
Project("{2150E333-8FDC-42A3-9474-1A3956D46DE8}") = "Modules", "Modules", "{2B34F5FD-626F-4A24-9D9B-135F2B86B0E9}"
EndProject
Project("{2150E333-8FDC-42A3-9474-1A3956D46DE8}") = "Coupons", "CouponsOpenAPI", "{E5F8C96A-20A8-46F2-B110-27F5553625E0}"
EndProject
Project("{FAE04EC0-301F-11D3-BF4B-00C04F79EFBC}") = "Coupons.API", "Modules\Coupon\Coupon.API\Coupons.API.csproj", "{3E4CB174-6E32-4CBB-94B5-88CB77E0F6C9}"
EndProject
Project("{FAE04EC0-301F-11D3-BF4B-00C04F79EFBC}") = "Coupons.Core", "Modules\Coupon\Coupon.Core\Coupons.Core.csproj", "{0CA60718-93F9-401B-BACE-09BDBFFE88AC}"
EndProject
Project("{FAE04EC0-301F-11D3-BF4B-00C04F79EFBC}") = "Coupons.Application", "Modules\Coupon\Coupon.Application\Coupons.Application.csproj", "{2E760936-E475-4D8C-950A-547166480D01}"
EndProject
Project("{FAE04EC0-301F-11D3-BF4B-00C04F79EFBC}") = "Coupons.Infrastructure", "Modules\Coupon\Coupon.Infrastructure\Coupons.Infrastructure.csproj", "{3CE12EED-865E-4E6B-AED7-9CC1D0EC1EA9}"
EndProject
Project("{2150E333-8FDC-42A3-9474-1A3956D46DE8}") = "Product", "Product", "{D2DA8A81-2EF9-4882-80B5-67AD73EB71B3}"
EndProject
Project("{FAE04EC0-301F-11D3-BF4B-00C04F79EFBC}") = "Product.API", "Modules\Product\Product.API\Product.API.csproj", "{DC812E3F-45B4-4812-AFB9-2EE91972DA17}"
EndProject
Project("{FAE04EC0-301F-11D3-BF4B-00C04F79EFBC}") = "Product.Core", "Modules\Product\Product.Core\Product.Core.csproj", "{6D32001B-F8F9-4479-BA36-5224BA0B7797}"
EndProject
Project("{FAE04EC0-301F-11D3-BF4B-00C04F79EFBC}") = "Product.Application", "Modules\Product\Product.Application\Product.Application.csproj", "{C5D61EAF-9A8A-4F01-AF94-9EBCE6AFF468}"
EndProject
Project("{FAE04EC0-301F-11D3-BF4B-00C04F79EFBC}") = "Product.Infrastructure", "Modules\Product\Product.Infrastructure\Product.Infrastructure.csproj", "{075DC5C8-F577-4430-A97C-24C249E65A3D}"
EndProject
Project("{2150E333-8FDC-42A3-9474-1A3956D46DE8}") = "Shared", "Shared", "{D88727EF-A8DB-48E7-8E8F-6C856596492B}"
EndProject
Project("{FAE04EC0-301F-11D3-BF4B-00C04F79EFBC}") = "Shared.Core", "Shared\Shared.Core\Shared.Core.csproj", "{BC261E51-97BF-49BF-87EE-9B3A145D9E50}"
EndProject
Project("{FAE04EC0-301F-11D3-BF4B-00C04F79EFBC}") = "Shared.Infrastructure", "Shared\Shared.Infrastructure\Shared.Infrastructure.csproj", "{EAFF1705-372B-4C18-A44B-8DD2A8DF1CAF}"
EndProject
Project("{2150E333-8FDC-42A3-9474-1A3956D46DE8}") = "API", "API", "{18E7C0CB-DD7A-41E2-80E5-80AC1CC9BDAE}"
EndProject
Project("{FAE04EC0-301F-11D3-BF4B-00C04F79EFBC}") = "API", "API\API\API.csproj", "{10C621C3-F1CD-4069-88CB-C834872F7BFC}"
EndProject
Project("{FAE04EC0-301F-11D3-BF4B-00C04F79EFBC}") = "Product.Shared", "Modules\Product\Product.Shared\Product.Shared.csproj", "{DB78D32B-85BA-4A17-8CD4-7D8A42372FAF}"
EndProject
Project("{2150E333-8FDC-42A3-9474-1A3956D46DE8}") = "Order", "Order", "{0AFE4F42-2279-4E79-B903-78573FB9A38D}"
EndProject
Project("{2150E333-8FDC-42A3-9474-1A3956D46DE8}") = "User", "User", "{60D29FED-E0DE-44AE-A31A-8A3FFBDCA351}"
EndProject
Global
	GlobalSection(SolutionConfigurationPlatforms) = preSolution
		Debug|Any CPU = Debug|Any CPU
		Release|Any CPU = Release|Any CPU
	EndGlobalSection
	GlobalSection(ProjectConfigurationPlatforms) = postSolution
		{EB6B3197-5CB0-4B05-86FC-82BFFCB7626E}.Debug|Any CPU.ActiveCfg = Debug|Any CPU
		{EB6B3197-5CB0-4B05-86FC-82BFFCB7626E}.Debug|Any CPU.Build.0 = Debug|Any CPU
		{EB6B3197-5CB0-4B05-86FC-82BFFCB7626E}.Release|Any CPU.ActiveCfg = Release|Any CPU
		{EB6B3197-5CB0-4B05-86FC-82BFFCB7626E}.Release|Any CPU.Build.0 = Release|Any CPU
		{3E4CB174-6E32-4CBB-94B5-88CB77E0F6C9}.Debug|Any CPU.ActiveCfg = Debug|Any CPU
		{3E4CB174-6E32-4CBB-94B5-88CB77E0F6C9}.Debug|Any CPU.Build.0 = Debug|Any CPU
		{3E4CB174-6E32-4CBB-94B5-88CB77E0F6C9}.Release|Any CPU.ActiveCfg = Release|Any CPU
		{3E4CB174-6E32-4CBB-94B5-88CB77E0F6C9}.Release|Any CPU.Build.0 = Release|Any CPU
		{0CA60718-93F9-401B-BACE-09BDBFFE88AC}.Debug|Any CPU.ActiveCfg = Debug|Any CPU
		{0CA60718-93F9-401B-BACE-09BDBFFE88AC}.Debug|Any CPU.Build.0 = Debug|Any CPU
		{0CA60718-93F9-401B-BACE-09BDBFFE88AC}.Release|Any CPU.ActiveCfg = Release|Any CPU
		{0CA60718-93F9-401B-BACE-09BDBFFE88AC}.Release|Any CPU.Build.0 = Release|Any CPU
		{2E760936-E475-4D8C-950A-547166480D01}.Debug|Any CPU.ActiveCfg = Debug|Any CPU
		{2E760936-E475-4D8C-950A-547166480D01}.Debug|Any CPU.Build.0 = Debug|Any CPU
		{2E760936-E475-4D8C-950A-547166480D01}.Release|Any CPU.ActiveCfg = Release|Any CPU
		{2E760936-E475-4D8C-950A-547166480D01}.Release|Any CPU.Build.0 = Release|Any CPU
		{3CE12EED-865E-4E6B-AED7-9CC1D0EC1EA9}.Debug|Any CPU.ActiveCfg = Debug|Any CPU
		{3CE12EED-865E-4E6B-AED7-9CC1D0EC1EA9}.Debug|Any CPU.Build.0 = Debug|Any CPU
		{3CE12EED-865E-4E6B-AED7-9CC1D0EC1EA9}.Release|Any CPU.ActiveCfg = Release|Any CPU
		{3CE12EED-865E-4E6B-AED7-9CC1D0EC1EA9}.Release|Any CPU.Build.0 = Release|Any CPU
		{DC812E3F-45B4-4812-AFB9-2EE91972DA17}.Debug|Any CPU.ActiveCfg = Debug|Any CPU
		{DC812E3F-45B4-4812-AFB9-2EE91972DA17}.Debug|Any CPU.Build.0 = Debug|Any CPU
		{DC812E3F-45B4-4812-AFB9-2EE91972DA17}.Release|Any CPU.ActiveCfg = Release|Any CPU
		{DC812E3F-45B4-4812-AFB9-2EE91972DA17}.Release|Any CPU.Build.0 = Release|Any CPU
		{6D32001B-F8F9-4479-BA36-5224BA0B7797}.Debug|Any CPU.ActiveCfg = Debug|Any CPU
		{6D32001B-F8F9-4479-BA36-5224BA0B7797}.Debug|Any CPU.Build.0 = Debug|Any CPU
		{6D32001B-F8F9-4479-BA36-5224BA0B7797}.Release|Any CPU.ActiveCfg = Release|Any CPU
		{6D32001B-F8F9-4479-BA36-5224BA0B7797}.Release|Any CPU.Build.0 = Release|Any CPU
		{C5D61EAF-9A8A-4F01-AF94-9EBCE6AFF468}.Debug|Any CPU.ActiveCfg = Debug|Any CPU
		{C5D61EAF-9A8A-4F01-AF94-9EBCE6AFF468}.Debug|Any CPU.Build.0 = Debug|Any CPU
		{C5D61EAF-9A8A-4F01-AF94-9EBCE6AFF468}.Release|Any CPU.ActiveCfg = Release|Any CPU
		{C5D61EAF-9A8A-4F01-AF94-9EBCE6AFF468}.Release|Any CPU.Build.0 = Release|Any CPU
		{075DC5C8-F577-4430-A97C-24C249E65A3D}.Debug|Any CPU.ActiveCfg = Debug|Any CPU
		{075DC5C8-F577-4430-A97C-24C249E65A3D}.Debug|Any CPU.Build.0 = Debug|Any CPU
		{075DC5C8-F577-4430-A97C-24C249E65A3D}.Release|Any CPU.ActiveCfg = Release|Any CPU
		{075DC5C8-F577-4430-A97C-24C249E65A3D}.Release|Any CPU.Build.0 = Release|Any CPU
		{BC261E51-97BF-49BF-87EE-9B3A145D9E50}.Debug|Any CPU.ActiveCfg = Debug|Any CPU
		{BC261E51-97BF-49BF-87EE-9B3A145D9E50}.Debug|Any CPU.Build.0 = Debug|Any CPU
		{BC261E51-97BF-49BF-87EE-9B3A145D9E50}.Release|Any CPU.ActiveCfg = Release|Any CPU
		{BC261E51-97BF-49BF-87EE-9B3A145D9E50}.Release|Any CPU.Build.0 = Release|Any CPU
		{EAFF1705-372B-4C18-A44B-8DD2A8DF1CAF}.Debug|Any CPU.ActiveCfg = Debug|Any CPU
		{EAFF1705-372B-4C18-A44B-8DD2A8DF1CAF}.Debug|Any CPU.Build.0 = Debug|Any CPU
		{EAFF1705-372B-4C18-A44B-8DD2A8DF1CAF}.Release|Any CPU.ActiveCfg = Release|Any CPU
		{EAFF1705-372B-4C18-A44B-8DD2A8DF1CAF}.Release|Any CPU.Build.0 = Release|Any CPU
		{10C621C3-F1CD-4069-88CB-C834872F7BFC}.Debug|Any CPU.ActiveCfg = Debug|Any CPU
		{10C621C3-F1CD-4069-88CB-C834872F7BFC}.Debug|Any CPU.Build.0 = Debug|Any CPU
		{10C621C3-F1CD-4069-88CB-C834872F7BFC}.Release|Any CPU.ActiveCfg = Release|Any CPU
		{10C621C3-F1CD-4069-88CB-C834872F7BFC}.Release|Any CPU.Build.0 = Release|Any CPU
		{DB78D32B-85BA-4A17-8CD4-7D8A42372FAF}.Debug|Any CPU.ActiveCfg = Debug|Any CPU
		{DB78D32B-85BA-4A17-8CD4-7D8A42372FAF}.Debug|Any CPU.Build.0 = Debug|Any CPU
		{DB78D32B-85BA-4A17-8CD4-7D8A42372FAF}.Release|Any CPU.ActiveCfg = Release|Any CPU
		{DB78D32B-85BA-4A17-8CD4-7D8A42372FAF}.Release|Any CPU.Build.0 = Release|Any CPU
	EndGlobalSection
	GlobalSection(SolutionProperties) = preSolution
		HideSolutionNode = FALSE
	EndGlobalSection
	GlobalSection(NestedProjects) = preSolution
		{EB6B3197-5CB0-4B05-86FC-82BFFCB7626E} = {D6CAEDCE-A297-431E-B080-B9DBB1129F24}
		{E5F8C96A-20A8-46F2-B110-27F5553625E0} = {2B34F5FD-626F-4A24-9D9B-135F2B86B0E9}
		{3E4CB174-6E32-4CBB-94B5-88CB77E0F6C9} = {E5F8C96A-20A8-46F2-B110-27F5553625E0}
		{0CA60718-93F9-401B-BACE-09BDBFFE88AC} = {E5F8C96A-20A8-46F2-B110-27F5553625E0}
		{2E760936-E475-4D8C-950A-547166480D01} = {E5F8C96A-20A8-46F2-B110-27F5553625E0}
		{3CE12EED-865E-4E6B-AED7-9CC1D0EC1EA9} = {E5F8C96A-20A8-46F2-B110-27F5553625E0}
		{D2DA8A81-2EF9-4882-80B5-67AD73EB71B3} = {2B34F5FD-626F-4A24-9D9B-135F2B86B0E9}
		{DC812E3F-45B4-4812-AFB9-2EE91972DA17} = {D2DA8A81-2EF9-4882-80B5-67AD73EB71B3}
		{6D32001B-F8F9-4479-BA36-5224BA0B7797} = {D2DA8A81-2EF9-4882-80B5-67AD73EB71B3}
		{C5D61EAF-9A8A-4F01-AF94-9EBCE6AFF468} = {D2DA8A81-2EF9-4882-80B5-67AD73EB71B3}
		{075DC5C8-F577-4430-A97C-24C249E65A3D} = {D2DA8A81-2EF9-4882-80B5-67AD73EB71B3}
		{BC261E51-97BF-49BF-87EE-9B3A145D9E50} = {D88727EF-A8DB-48E7-8E8F-6C856596492B}
		{EAFF1705-372B-4C18-A44B-8DD2A8DF1CAF} = {D88727EF-A8DB-48E7-8E8F-6C856596492B}
		{10C621C3-F1CD-4069-88CB-C834872F7BFC} = {18E7C0CB-DD7A-41E2-80E5-80AC1CC9BDAE}
		{DB78D32B-85BA-4A17-8CD4-7D8A42372FAF} = {D2DA8A81-2EF9-4882-80B5-67AD73EB71B3}
		{0AFE4F42-2279-4E79-B903-78573FB9A38D} = {2B34F5FD-626F-4A24-9D9B-135F2B86B0E9}
		{60D29FED-E0DE-44AE-A31A-8A3FFBDCA351} = {2B34F5FD-626F-4A24-9D9B-135F2B86B0E9}
	EndGlobalSection
EndGlobal
